
Microsoft Visual Studio Solution File, Format Version 12.00
# Visual Studio Version 17
VisualStudioVersion = 17.8.34525.116
MinimumVisualStudioVersion = 10.0.40219.1
Project("{FAE04EC0-301F-11D3-BF4B-00C04F79EFBC}") = "EmployeePortal.API", "EmployeePortal.API.csproj", "{051B866D-6957-40C8-A2FD-D10612EEB39F}"
EndProject
Project("{FAE04EC0-301F-11D3-BF4B-00C04F79EFBC}") = "EmployeePortal.Db", "..\EmployeePortal.Db\EmployeePortal.Db.csproj", "{7924AB95-649F-4B31-8057-F79301BA3E77}"
EndProject
Project("{FAE04EC0-301F-11D3-BF4B-00C04F79EFBC}") = "EmployeePortal.Service", "..\EmployeePortal.Service\EmployeePortal.Service.csproj", "{3FDC0311-809A-450D-B936-795250833A3E}"
EndProject
Project("{FAE04EC0-301F-11D3-BF4B-00C04F79EFBC}") = "EmployeePortal.Repository", "..\EmployeePortal.Repository\EmployeePortal.Repository.csproj", "{E0112F7F-8408-4095-B5CA-CD8B877D5B8E}"
EndProject
Global
	GlobalSection(SolutionConfigurationPlatforms) = preSolution
		Debug|Any CPU = Debug|Any CPU
		Release|Any CPU = Release|Any CPU
	EndGlobalSection
	GlobalSection(ProjectConfigurationPlatforms) = postSolution
		{051B866D-6957-40C8-A2FD-D10612EEB39F}.Debug|Any CPU.ActiveCfg = Debug|Any CPU
		{051B866D-6957-40C8-A2FD-D10612EEB39F}.Debug|Any CPU.Build.0 = Debug|Any CPU
		{051B866D-6957-40C8-A2FD-D10612EEB39F}.Release|Any CPU.ActiveCfg = Release|Any CPU
		{051B866D-6957-40C8-A2FD-D10612EEB39F}.Release|Any CPU.Build.0 = Release|Any CPU
		{7924AB95-649F-4B31-8057-F79301BA3E77}.Debug|Any CPU.ActiveCfg = Debug|Any CPU
		{7924AB95-649F-4B31-8057-F79301BA3E77}.Debug|Any CPU.Build.0 = Debug|Any CPU
		{7924AB95-649F-4B31-8057-F79301BA3E77}.Release|Any CPU.ActiveCfg = Release|Any CPU
		{7924AB95-649F-4B31-8057-F79301BA3E77}.Release|Any CPU.Build.0 = Release|Any CPU
		{3FDC0311-809A-450D-B936-795250833A3E}.Debug|Any CPU.ActiveCfg = Debug|Any CPU
		{3FDC0311-809A-450D-B936-795250833A3E}.Debug|Any CPU.Build.0 = Debug|Any CPU
		{3FDC0311-809A-450D-B936-795250833A3E}.Release|Any CPU.ActiveCfg = Release|Any CPU
		{3FDC0311-809A-450D-B936-795250833A3E}.Release|Any CPU.Build.0 = Release|Any CPU
		{E0112F7F-8408-4095-B5CA-CD8B877D5B8E}.Debug|Any CPU.ActiveCfg = Debug|Any CPU
		{E0112F7F-8408-4095-B5CA-CD8B877D5B8E}.Debug|Any CPU.Build.0 = Debug|Any CPU
		{E0112F7F-8408-4095-B5CA-CD8B877D5B8E}.Release|Any CPU.ActiveCfg = Release|Any CPU
		{E0112F7F-8408-4095-B5CA-CD8B877D5B8E}.Release|Any CPU.Build.0 = Release|Any CPU
	EndGlobalSection
	GlobalSection(SolutionProperties) = preSolution
		HideSolutionNode = FALSE
	EndGlobalSection
	GlobalSection(ExtensibilityGlobals) = postSolution
		SolutionGuid = {6C9413D3-3741-49DF-A1B4-162BC0827577}
	EndGlobalSection
EndGlobal
